
Microsoft Visual Studio Solution File, Format Version 12.00
# Visual Studio Version 16
VisualStudioVersion = 16.0.28922.388
MinimumVisualStudioVersion = 10.0.40219.1
Project("{FAE04EC0-301F-11D3-BF4B-00C04F79EFBC}") = "veritabanı_2", "veritabanı-2\veritabanı_2.csproj", "{39929F78-2937-4F10-9893-855117ACF60A}"
EndProject
Project("{54435603-DBB4-11D2-8724-00A0C9A8B90C}") = "Hasta Takip SETUP", "Hasta Takip SETUP\Hasta Takip SETUP.vdproj", "{6D7DF63B-95EC-4182-B8F7-EFA5D7A2C7FE}"
EndProject
Global
	GlobalSection(SolutionConfigurationPlatforms) = preSolution
		Debug|x86 = Debug|x86
		Release|x86 = Release|x86
	EndGlobalSection
	GlobalSection(ProjectConfigurationPlatforms) = postSolution
		{39929F78-2937-4F10-9893-855117ACF60A}.Debug|x86.ActiveCfg = Debug|x86
		{39929F78-2937-4F10-9893-855117ACF60A}.Debug|x86.Build.0 = Debug|x86
		{39929F78-2937-4F10-9893-855117ACF60A}.Release|x86.ActiveCfg = Release|x86
		{39929F78-2937-4F10-9893-855117ACF60A}.Release|x86.Build.0 = Release|x86
		{6D7DF63B-95EC-4182-B8F7-EFA5D7A2C7FE}.Debug|x86.ActiveCfg = Debug
		{6D7DF63B-95EC-4182-B8F7-EFA5D7A2C7FE}.Release|x86.ActiveCfg = Release
	EndGlobalSection
	GlobalSection(SolutionProperties) = preSolution
		HideSolutionNode = FALSE
	EndGlobalSection
	GlobalSection(ExtensibilityGlobals) = postSolution
		SolutionGuid = {8880679D-9CED-4AEA-9758-8D4EE5CF7554}
	EndGlobalSection
EndGlobal
